
Microsoft Visual Studio Solution File, Format Version 12.00
# Visual Studio 14
VisualStudioVersion = 14.0.25420.1
MinimumVisualStudioVersion = 10.0.40219.1
Project("{2150E333-8FDC-42A3-9474-1A3956D46DE8}") = "Back End", "Back End", "{D7FC87A9-98C2-4A3C-A37F-7BD835863F5B}"
EndProject
Project("{2150E333-8FDC-42A3-9474-1A3956D46DE8}") = "Presentation Layer", "Presentation Layer", "{FCC1DC61-7919-4E93-A62F-38B658CA8B76}"
EndProject
Project("{2150E333-8FDC-42A3-9474-1A3956D46DE8}") = "Services", "Services", "{B19A7C0A-5FF4-4347-8BE0-49CC782C4B80}"
EndProject
Project("{FAE04EC0-301F-11D3-BF4B-00C04F79EFBC}") = "Presentation", "Presentation\Presentation.csproj", "{00B84C78-D1F4-4C46-B4D1-A41894094249}"
EndProject
Project("{2150E333-8FDC-42A3-9474-1A3956D46DE8}") = "Business Logic", "Business Logic", "{8096FF07-85F0-4998-8E5B-4D52A276BFF3}"
EndProject
Project("{2150E333-8FDC-42A3-9474-1A3956D46DE8}") = "Data Logic", "Data Logic", "{454A2384-A51A-4227-9D7C-D7B9812CB50E}"
EndProject
Project("{FAE04EC0-301F-11D3-BF4B-00C04F79EFBC}") = "Business Layer", "Business Layer\Business Layer.csproj", "{B0105F1C-E8D9-4914-85FE-0C1B00451814}"
EndProject
Project("{FAE04EC0-301F-11D3-BF4B-00C04F79EFBC}") = "DataObjects", "DataObjects\DataObjects.csproj", "{2926D078-8B13-4682-BFF2-913571235251}"
EndProject
Project("{FAE04EC0-301F-11D3-BF4B-00C04F79EFBC}") = "DataLayer", "DataLayer\DataLayer.csproj", "{E7177548-49E6-4581-98FD-15843C65B531}"
EndProject
Project("{2150E333-8FDC-42A3-9474-1A3956D46DE8}") = "Common", "Common", "{2139D829-AB63-4180-B52A-0C902BA3B4F7}"
EndProject
Project("{2150E333-8FDC-42A3-9474-1A3956D46DE8}") = "Utility", "Utility", "{D6DF6489-9A2D-400C-BB54-38E1A28CEDC3}"
EndProject
Project("{FAE04EC0-301F-11D3-BF4B-00C04F79EFBC}") = "Log", "Log\Log.csproj", "{10913843-2FAD-4843-839D-B26E6A28BC36}"
EndProject
Project("{2150E333-8FDC-42A3-9474-1A3956D46DE8}") = "Test", "Test", "{00D3F734-63EA-4C7E-A00F-5CEB4330A560}"
EndProject
Project("{FAE04EC0-301F-11D3-BF4B-00C04F79EFBC}") = "Test", "Test\Test.csproj", "{80702733-148C-4BF3-A7EB-32CC737CC548}"
EndProject
Project("{FAE04EC0-301F-11D3-BF4B-00C04F79EFBC}") = "WebServices", "WebServices\WebServices.csproj", "{6C74C1DC-3AEA-458E-8583-FBAA00506833}"
EndProject
Global
	GlobalSection(SolutionConfigurationPlatforms) = preSolution
		Debug|Any CPU = Debug|Any CPU
		Release|Any CPU = Release|Any CPU
	EndGlobalSection
	GlobalSection(ProjectConfigurationPlatforms) = postSolution
		{00B84C78-D1F4-4C46-B4D1-A41894094249}.Debug|Any CPU.ActiveCfg = Debug|Any CPU
		{00B84C78-D1F4-4C46-B4D1-A41894094249}.Debug|Any CPU.Build.0 = Debug|Any CPU
		{00B84C78-D1F4-4C46-B4D1-A41894094249}.Release|Any CPU.ActiveCfg = Release|Any CPU
		{00B84C78-D1F4-4C46-B4D1-A41894094249}.Release|Any CPU.Build.0 = Release|Any CPU
		{B0105F1C-E8D9-4914-85FE-0C1B00451814}.Debug|Any CPU.ActiveCfg = Debug|Any CPU
		{B0105F1C-E8D9-4914-85FE-0C1B00451814}.Debug|Any CPU.Build.0 = Debug|Any CPU
		{B0105F1C-E8D9-4914-85FE-0C1B00451814}.Release|Any CPU.ActiveCfg = Release|Any CPU
		{B0105F1C-E8D9-4914-85FE-0C1B00451814}.Release|Any CPU.Build.0 = Release|Any CPU
		{2926D078-8B13-4682-BFF2-913571235251}.Debug|Any CPU.ActiveCfg = Debug|Any CPU
		{2926D078-8B13-4682-BFF2-913571235251}.Debug|Any CPU.Build.0 = Debug|Any CPU
		{2926D078-8B13-4682-BFF2-913571235251}.Release|Any CPU.ActiveCfg = Release|Any CPU
		{2926D078-8B13-4682-BFF2-913571235251}.Release|Any CPU.Build.0 = Release|Any CPU
		{E7177548-49E6-4581-98FD-15843C65B531}.Debug|Any CPU.ActiveCfg = Debug|Any CPU
		{E7177548-49E6-4581-98FD-15843C65B531}.Debug|Any CPU.Build.0 = Debug|Any CPU
		{E7177548-49E6-4581-98FD-15843C65B531}.Release|Any CPU.ActiveCfg = Release|Any CPU
		{E7177548-49E6-4581-98FD-15843C65B531}.Release|Any CPU.Build.0 = Release|Any CPU
		{10913843-2FAD-4843-839D-B26E6A28BC36}.Debug|Any CPU.ActiveCfg = Debug|Any CPU
		{10913843-2FAD-4843-839D-B26E6A28BC36}.Debug|Any CPU.Build.0 = Debug|Any CPU
		{10913843-2FAD-4843-839D-B26E6A28BC36}.Release|Any CPU.ActiveCfg = Release|Any CPU
		{10913843-2FAD-4843-839D-B26E6A28BC36}.Release|Any CPU.Build.0 = Release|Any CPU
		{80702733-148C-4BF3-A7EB-32CC737CC548}.Debug|Any CPU.ActiveCfg = Debug|Any CPU
		{80702733-148C-4BF3-A7EB-32CC737CC548}.Debug|Any CPU.Build.0 = Debug|Any CPU
		{80702733-148C-4BF3-A7EB-32CC737CC548}.Release|Any CPU.ActiveCfg = Release|Any CPU
		{80702733-148C-4BF3-A7EB-32CC737CC548}.Release|Any CPU.Build.0 = Release|Any CPU
		{6C74C1DC-3AEA-458E-8583-FBAA00506833}.Debug|Any CPU.ActiveCfg = Debug|Any CPU
		{6C74C1DC-3AEA-458E-8583-FBAA00506833}.Debug|Any CPU.Build.0 = Debug|Any CPU
		{6C74C1DC-3AEA-458E-8583-FBAA00506833}.Release|Any CPU.ActiveCfg = Release|Any CPU
		{6C74C1DC-3AEA-458E-8583-FBAA00506833}.Release|Any CPU.Build.0 = Release|Any CPU
	EndGlobalSection
	GlobalSection(SolutionProperties) = preSolution
		HideSolutionNode = FALSE
	EndGlobalSection
	GlobalSection(NestedProjects) = preSolution
		{00B84C78-D1F4-4C46-B4D1-A41894094249} = {FCC1DC61-7919-4E93-A62F-38B658CA8B76}
		{8096FF07-85F0-4998-8E5B-4D52A276BFF3} = {D7FC87A9-98C2-4A3C-A37F-7BD835863F5B}
		{454A2384-A51A-4227-9D7C-D7B9812CB50E} = {D7FC87A9-98C2-4A3C-A37F-7BD835863F5B}
		{B0105F1C-E8D9-4914-85FE-0C1B00451814} = {8096FF07-85F0-4998-8E5B-4D52A276BFF3}
		{2926D078-8B13-4682-BFF2-913571235251} = {454A2384-A51A-4227-9D7C-D7B9812CB50E}
		{E7177548-49E6-4581-98FD-15843C65B531} = {454A2384-A51A-4227-9D7C-D7B9812CB50E}
		{2139D829-AB63-4180-B52A-0C902BA3B4F7} = {D7FC87A9-98C2-4A3C-A37F-7BD835863F5B}
		{D6DF6489-9A2D-400C-BB54-38E1A28CEDC3} = {2139D829-AB63-4180-B52A-0C902BA3B4F7}
		{10913843-2FAD-4843-839D-B26E6A28BC36} = {D6DF6489-9A2D-400C-BB54-38E1A28CEDC3}
		{80702733-148C-4BF3-A7EB-32CC737CC548} = {00D3F734-63EA-4C7E-A00F-5CEB4330A560}
		{6C74C1DC-3AEA-458E-8583-FBAA00506833} = {B19A7C0A-5FF4-4347-8BE0-49CC782C4B80}
	EndGlobalSection
EndGlobal
